
Microsoft Visual Studio Solution File, Format Version 12.00
# Visual Studio Version 17
VisualStudioVersion = 17.5.33530.505
MinimumVisualStudioVersion = 10.0.40219.1
Project("{FAE04EC0-301F-11D3-BF4B-00C04F79EFBC}") = "DoAn_31211027580", "DoAn_31211027580.csproj", "{2EBBD355-FC68-48B8-968B-D08DBA851BA0}"
EndProject
Global
	GlobalSection(SolutionConfigurationPlatforms) = preSolution
		Debug|Any CPU = Debug|Any CPU
		Release|Any CPU = Release|Any CPU
	EndGlobalSection
	GlobalSection(ProjectConfigurationPlatforms) = postSolution
		{2EBBD355-FC68-48B8-968B-D08DBA851BA0}.Debug|Any CPU.ActiveCfg = Debug|Any CPU
		{2EBBD355-FC68-48B8-968B-D08DBA851BA0}.Debug|Any CPU.Build.0 = Debug|Any CPU
		{2EBBD355-FC68-48B8-968B-D08DBA851BA0}.Release|Any CPU.ActiveCfg = Release|Any CPU
		{2EBBD355-FC68-48B8-968B-D08DBA851BA0}.Release|Any CPU.Build.0 = Release|Any CPU
	EndGlobalSection
	GlobalSection(SolutionProperties) = preSolution
		HideSolutionNode = FALSE
	EndGlobalSection
	GlobalSection(ExtensibilityGlobals) = postSolution
		SolutionGuid = {AEC55800-B28D-4273-A6EB-1E19E0540582}
	EndGlobalSection
EndGlobal
